
Microsoft Visual Studio Solution File, Format Version 12.00
# Visual Studio Version 17
VisualStudioVersion = 17.14.36623.8 d17.14
MinimumVisualStudioVersion = 10.0.40219.1
Project("{FAE04EC0-301F-11D3-BF4B-00C04F79EFBC}") = "Hospital-Management-System", "Hospital-Management-System\Hospital-Management-System.csproj", "{8E90C3E5-6630-4D37-AD0C-40AC65994050}"
EndProject
Global
	GlobalSection(SolutionConfigurationPlatforms) = preSolution
		Debug|Any CPU = Debug|Any CPU
		Release|Any CPU = Release|Any CPU
	EndGlobalSection
	GlobalSection(ProjectConfigurationPlatforms) = postSolution
		{8E90C3E5-6630-4D37-AD0C-40AC65994050}.Debug|Any CPU.ActiveCfg = Debug|Any CPU
		{8E90C3E5-6630-4D37-AD0C-40AC65994050}.Debug|Any CPU.Build.0 = Debug|Any CPU
		{8E90C3E5-6630-4D37-AD0C-40AC65994050}.Release|Any CPU.ActiveCfg = Release|Any CPU
		{8E90C3E5-6630-4D37-AD0C-40AC65994050}.Release|Any CPU.Build.0 = Release|Any CPU
	EndGlobalSection
	GlobalSection(SolutionProperties) = preSolution
		HideSolutionNode = FALSE
	EndGlobalSection
	GlobalSection(ExtensibilityGlobals) = postSolution
		SolutionGuid = {A3259C9E-3EF7-4762-AE02-5DE02FD1532D}
	EndGlobalSection
EndGlobal
